
Microsoft Visual Studio Solution File, Format Version 12.00
Project("{FAE04EC0-301F-11D3-BF4B-00C04F79EFBC}") = "TTSPlogon", "TTSPlogon\TTSPlogon.csproj", "{A2C88AEF-E09E-4D7F-934F-75FCB7EB6930}"
EndProject
Global
	GlobalSection(SolutionConfigurationPlatforms) = preSolution
		Debug|Any CPU = Debug|Any CPU
		Release|Any CPU = Release|Any CPU
	EndGlobalSection
	GlobalSection(ProjectConfigurationPlatforms) = postSolution
		{A2C88AEF-E09E-4D7F-934F-75FCB7EB6930}.Debug|Any CPU.ActiveCfg = Debug|Any CPU
		{A2C88AEF-E09E-4D7F-934F-75FCB7EB6930}.Debug|Any CPU.Build.0 = Debug|Any CPU
		{A2C88AEF-E09E-4D7F-934F-75FCB7EB6930}.Release|Any CPU.ActiveCfg = Release|Any CPU
		{A2C88AEF-E09E-4D7F-934F-75FCB7EB6930}.Release|Any CPU.Build.0 = Release|Any CPU
	EndGlobalSection
EndGlobal
